
Microsoft Visual Studio Solution File, Format Version 12.00
# Visual Studio Version 17
VisualStudioVersion = 17.0.31919.166
MinimumVisualStudioVersion = 10.0.40219.1
Project("{FAE04EC0-301F-11D3-BF4B-00C04F79EFBC}") = "P6_1_1204053", "P6_1_1204053\P6_1_1204053.csproj", "{46C2E318-774E-4F85-8649-85EC1CA87BAF}"
EndProject
Global
	GlobalSection(SolutionConfigurationPlatforms) = preSolution
		Debug|Any CPU = Debug|Any CPU
		Release|Any CPU = Release|Any CPU
	EndGlobalSection
	GlobalSection(ProjectConfigurationPlatforms) = postSolution
		{46C2E318-774E-4F85-8649-85EC1CA87BAF}.Debug|Any CPU.ActiveCfg = Debug|Any CPU
		{46C2E318-774E-4F85-8649-85EC1CA87BAF}.Debug|Any CPU.Build.0 = Debug|Any CPU
		{46C2E318-774E-4F85-8649-85EC1CA87BAF}.Release|Any CPU.ActiveCfg = Release|Any CPU
		{46C2E318-774E-4F85-8649-85EC1CA87BAF}.Release|Any CPU.Build.0 = Release|Any CPU
	EndGlobalSection
	GlobalSection(SolutionProperties) = preSolution
		HideSolutionNode = FALSE
	EndGlobalSection
	GlobalSection(ExtensibilityGlobals) = postSolution
		SolutionGuid = {A1F7BE20-234C-4CC2-97C8-D95DBFCB8224}
	EndGlobalSection
EndGlobal
